#include <stdio.h>
#include <stdlib.h>
//5.3
// int main() {
//     int z,t;
//     printf("t=");
//     scanf("%d",&t);
//     if (t==8){
//         printf("z=1-sina");
//     }else if (t==0 ||t==1||t==2||t==3){
//         printf("z=1/2(1+cosa)");
//     }else if (t==4 ||t==6||t==7){
//         printf("z=(a**2+1)**1/2");
//     }
//     return 0;
// }

// int main(){
//     int t;
//     int z;
//     printf(" 1:t=8\n2:t=0,1,2,3\n3:t=4,6,7\n");
//     scanf("%d", &t);
//     switch (t){
//         case 1:
//     printf("z=1-sina");
//         break;
//         case 2:
//     printf("z=1/2(1+cosa)");
//         break;
//         case 3:
//     printf("z=(a**2+1)**1/2");
//         break;
//         default:
//     printf("Popełniłeś błąd");
        
        
        
//     }
    
//}


//5.4

// int main() {
// int ax=-1,ay=-1,bx=-1,by=1,cx=1,cy=1,dx=1,dy=-1 ,ox,oy;
// printf("ox/oy");
// scanf("%d/%d",&ox,&oy);
// if (ox>=ax && ox>=bx && ox<=cx && ox<=dx && oy >=ay && oy<=by && oy<=cy && oy>=dy){
//     printf("należy %d,%d", ox ,oy);
// }else{
//     printf("nie należy");
// }
// return 0;    

// }




//5.5
int main(){
    int a,b,c;
    printf("a/b/c=");
    scanf("%d/%d/%d " , &a,&b,&c);
    
    if (a!=0 , b!=0 , c!=0){
        printf("x1=(-%d-(%d**2-4*%d*%d)**(1/2))/%d*2\n",b,b,a,c,a);
        printf("x2=(-%d+(%d**2-4*%d*%d)**(1/2))/%d*2\n",b,b,a,c,a);
            
    }else if (a=0 && b!=0 && c!=0){
        printf("x1=(-%d-(%d**2-4*%d)**(1/2))/2\n",b,b,c);
        printf("x2=(-%d+(%d**2-4*%d)**(1/2))/2\n",b,b,c);
            
    }
    
return 0 ;   
       
    
   
}
